
Microsoft Visual Studio Solution File, Format Version 12.00
# Visual Studio 15
VisualStudioVersion = 15.0.28307.960
MinimumVisualStudioVersion = 10.0.40219.1
Project("{FAE04EC0-301F-11D3-BF4B-00C04F79EFBC}") = "kontra", "kontra\kontra.csproj", "{BDCC1EB7-1B52-4212-8051-037A28835FF2}"
EndProject
Global
	GlobalSection(SolutionConfigurationPlatforms) = preSolution
		Debug|Any CPU = Debug|Any CPU
		Release|Any CPU = Release|Any CPU
	EndGlobalSection
	GlobalSection(ProjectConfigurationPlatforms) = postSolution
		{BDCC1EB7-1B52-4212-8051-037A28835FF2}.Debug|Any CPU.ActiveCfg = Debug|Any CPU
		{BDCC1EB7-1B52-4212-8051-037A28835FF2}.Debug|Any CPU.Build.0 = Debug|Any CPU
		{BDCC1EB7-1B52-4212-8051-037A28835FF2}.Release|Any CPU.ActiveCfg = Release|Any CPU
		{BDCC1EB7-1B52-4212-8051-037A28835FF2}.Release|Any CPU.Build.0 = Release|Any CPU
	EndGlobalSection
	GlobalSection(SolutionProperties) = preSolution
		HideSolutionNode = FALSE
	EndGlobalSection
	GlobalSection(ExtensibilityGlobals) = postSolution
		SolutionGuid = {B1CA7F71-FAB1-4EE3-8B29-212E743EBB62}
	EndGlobalSection
EndGlobal
