
Microsoft Visual Studio Solution File, Format Version 12.00
# Visual Studio 15
VisualStudioVersion = 15.0.28307.960
MinimumVisualStudioVersion = 10.0.40219.1
Project("{FAE04EC0-301F-11D3-BF4B-00C04F79EFBC}") = "lab9", "lab9\lab9.csproj", "{D372FFF2-4391-460A-BB45-306F71DDC8DF}"
EndProject
Global
	GlobalSection(SolutionConfigurationPlatforms) = preSolution
		Debug|Any CPU = Debug|Any CPU
		Release|Any CPU = Release|Any CPU
	EndGlobalSection
	GlobalSection(ProjectConfigurationPlatforms) = postSolution
		{D372FFF2-4391-460A-BB45-306F71DDC8DF}.Debug|Any CPU.ActiveCfg = Debug|Any CPU
		{D372FFF2-4391-460A-BB45-306F71DDC8DF}.Debug|Any CPU.Build.0 = Debug|Any CPU
		{D372FFF2-4391-460A-BB45-306F71DDC8DF}.Release|Any CPU.ActiveCfg = Release|Any CPU
		{D372FFF2-4391-460A-BB45-306F71DDC8DF}.Release|Any CPU.Build.0 = Release|Any CPU
	EndGlobalSection
	GlobalSection(SolutionProperties) = preSolution
		HideSolutionNode = FALSE
	EndGlobalSection
	GlobalSection(ExtensibilityGlobals) = postSolution
		SolutionGuid = {882B1DA1-C2BE-4941-B367-08413A4459B1}
	EndGlobalSection
EndGlobal
