
Microsoft Visual Studio Solution File, Format Version 12.00
# Visual Studio 15
VisualStudioVersion = 15.0.28307.960
MinimumVisualStudioVersion = 10.0.40219.1
Project("{FAE04EC0-301F-11D3-BF4B-00C04F79EFBC}") = "lab13", "lab13\lab13.csproj", "{3C380C2A-6948-4A1A-AAA7-2E62FEC25BFC}"
EndProject
Global
	GlobalSection(SolutionConfigurationPlatforms) = preSolution
		Debug|Any CPU = Debug|Any CPU
		Release|Any CPU = Release|Any CPU
	EndGlobalSection
	GlobalSection(ProjectConfigurationPlatforms) = postSolution
		{3C380C2A-6948-4A1A-AAA7-2E62FEC25BFC}.Debug|Any CPU.ActiveCfg = Debug|Any CPU
		{3C380C2A-6948-4A1A-AAA7-2E62FEC25BFC}.Debug|Any CPU.Build.0 = Debug|Any CPU
		{3C380C2A-6948-4A1A-AAA7-2E62FEC25BFC}.Release|Any CPU.ActiveCfg = Release|Any CPU
		{3C380C2A-6948-4A1A-AAA7-2E62FEC25BFC}.Release|Any CPU.Build.0 = Release|Any CPU
	EndGlobalSection
	GlobalSection(SolutionProperties) = preSolution
		HideSolutionNode = FALSE
	EndGlobalSection
	GlobalSection(ExtensibilityGlobals) = postSolution
		SolutionGuid = {10784898-07E7-4760-9BD9-C3106F44AB21}
	EndGlobalSection
EndGlobal
